// !$*UTF8*$!
{
	archiveVersion = 1;
	classes = {
	};
	objectVersion = 50;
	objects = {

/* Begin PBXBuildFile section */
		1D17C3962519100800984C86 /* News.swift in Sources */ = {isa = PBXBuildFile; fileRef = 1D17C3952519100800984C86 /* News.swift */; };
		1D17C39B251914E500984C86 /* Api.swift in Sources */ = {isa = PBXBuildFile; fileRef = 1D17C39A251914E500984C86 /* Api.swift */; };
		1D17C3A02519154000984C86 /* NetworkManager.swift in Sources */ = {isa = PBXBuildFile; fileRef = 1D17C39F2519154000984C86 /* NetworkManager.swift */; };
		1D17C3A325191BE600984C86 /* NewsViewModel.swift in Sources */ = {isa = PBXBuildFile; fileRef = 1D17C3A225191BE600984C86 /* NewsViewModel.swift */; };
		1D17C3A625191DA800984C86 /* NewsListVM.swift in Sources */ = {isa = PBXBuildFile; fileRef = 1D17C3A525191DA800984C86 /* NewsListVM.swift */; };
		1D17C3A92519226200984C86 /* NewsCell.swift in Sources */ = {isa = PBXBuildFile; fileRef = 1D17C3A82519226200984C86 /* NewsCell.swift */; };
		1D17C3AD2519231C00984C86 /* NewsListView.swift in Sources */ = {isa = PBXBuildFile; fileRef = 1D17C3AC2519231C00984C86 /* NewsListView.swift */; };
		1DD2E09D251726C50032967B /* ContentView.swift in Sources */ = {isa = PBXBuildFile; fileRef = 1DD2E09C251726C50032967B /* ContentView.swift */; };
		1DD2E09F251726C80032967B /* Assets.xcassets in Resources */ = {isa = PBXBuildFile; fileRef = 1DD2E09E251726C80032967B /* Assets.xcassets */; };
		1DD2E0A2251726C80032967B /* Preview Assets.xcassets in Resources */ = {isa = PBXBuildFile; fileRef = 1DD2E0A1251726C80032967B /* Preview Assets.xcassets */; };
/* End PBXBuildFile section */

/* Begin PBXFileReference section */
		1D17C3952519100800984C86 /* News.swift */ = {isa = PBXFileReference; lastKnownFileType = sourcecode.swift; path = News.swift; sourceTree = "<group>"; };
		1D17C39A251914E500984C86 /* Api.swift */ = {isa = PBXFileReference; lastKnownFileType = sourcecode.swift; path = Api.swift; sourceTree = "<group>"; };
		1D17C39F2519154000984C86 /* NetworkManager.swift */ = {isa = PBXFileReference; lastKnownFileType = sourcecode.swift; path = NetworkManager.swift; sourceTree = "<group>"; };
		1D17C3A225191BE600984C86 /* NewsViewModel.swift */ = {isa = PBXFileReference; lastKnownFileType = sourcecode.swift; path = NewsViewModel.swift; sourceTree = "<group>"; };
		1D17C3A525191DA800984C86 /* NewsListVM.swift */ = {isa = PBXFileReference; lastKnownFileType = sourcecode.swift; path = NewsListVM.swift; sourceTree = "<group>"; };
		1D17C3A82519226200984C86 /* NewsCell.swift */ = {isa = PBXFileReference; lastKnownFileType = sourcecode.swift; path = NewsCell.swift; sourceTree = "<group>"; };
		1D17C3AC2519231C00984C86 /* NewsListView.swift */ = {isa = PBXFileReference; lastKnownFileType = sourcecode.swift; path = NewsListView.swift; sourceTree = "<group>"; };
		1DD2E097251726C50032967B /* NewsApp.app */ = {isa = PBXFileReference; explicitFileType = wrapper.application; includeInIndex = 0; path = NewsApp.app; sourceTree = BUILT_PRODUCTS_DIR; };
		1DD2E09C251726C50032967B /* ContentView.swift */ = {isa = PBXFileReference; lastKnownFileType = sourcecode.swift; path = ContentView.swift; sourceTree = "<group>"; };
		1DD2E09E251726C80032967B /* Assets.xcassets */ = {isa = PBXFileReference; lastKnownFileType = folder.assetcatalog; path = Assets.xcassets; sourceTree = "<group>"; };
		1DD2E0A1251726C80032967B /* Preview Assets.xcassets */ = {isa = PBXFileReference; lastKnownFileType = folder.assetcatalog; path = "Preview Assets.xcassets"; sourceTree = "<group>"; };
		1DD2E0A3251726C80032967B /* Info.plist */ = {isa = PBXFileReference; lastKnownFileType = text.plist.xml; path = Info.plist; sourceTree = "<group>"; };
/* End PBXFileReference section */

/* Begin PBXFrameworksBuildPhase section */
		1DD2E094251726C50032967B /* Frameworks */ = {
			isa = PBXFrameworksBuildPhase;
			buildActionMask = 2147483647;
			files = (
			);
			runOnlyForDeploymentPostprocessing = 0;
		};
/* End PBXFrameworksBuildPhase section */

/* Begin PBXGroup section */
		1D17C39225190FE000984C86 /* Model */ = {
			isa = PBXGroup;
			children = (
				1D17C3952519100800984C86 /* News.swift */,
			);
			path = Model;
			sourceTree = "<group>";
		};
		1D17C39325190FE500984C86 /* ViewModel */ = {
			isa = PBXGroup;
			children = (
				1D17C3A225191BE600984C86 /* NewsViewModel.swift */,
				1D17C3A525191DA800984C86 /* NewsListVM.swift */,
			);
			path = ViewModel;
			sourceTree = "<group>";
		};
		1D17C39425190FEC00984C86 /* View */ = {
			isa = PBXGroup;
			children = (
				1DD2E09C251726C50032967B /* ContentView.swift */,
				1D17C3A82519226200984C86 /* NewsCell.swift */,
				1D17C3AC2519231C00984C86 /* NewsListView.swift */,
			);
			path = View;
			sourceTree = "<group>";
		};
		1D17C399251914C300984C86 /* Config */ = {
			isa = PBXGroup;
			children = (
				1D17C39A251914E500984C86 /* Api.swift */,
			);
			path = Config;
			sourceTree = "<group>";
		};
		1D17C39D2519152100984C86 /* Services */ = {
			isa = PBXGroup;
			children = (
				1D17C39F2519154000984C86 /* NetworkManager.swift */,
			);
			path = Services;
			sourceTree = "<group>";
		};
		1DD2E08E251726C50032967B = {
			isa = PBXGroup;
			children = (
				1DD2E099251726C50032967B /* NewsApp */,
				1DD2E098251726C50032967B /* Products */,
			);
			sourceTree = "<group>";
		};
		1DD2E098251726C50032967B /* Products */ = {
			isa = PBXGroup;
			children = (
				1DD2E097251726C50032967B /* NewsApp.app */,
			);
			name = Products;
			sourceTree = "<group>";
		};
		1DD2E099251726C50032967B /* NewsApp */ = {
			isa = PBXGroup;
			children = (
				1D17C39D2519152100984C86 /* Services */,
				1D17C399251914C300984C86 /* Config */,
				1D17C39425190FEC00984C86 /* View */,
				1D17C39325190FE500984C86 /* ViewModel */,
				1D17C39225190FE000984C86 /* Model */,
				1DD2E09E251726C80032967B /* Assets.xcassets */,
				1DD2E0A3251726C80032967B /* Info.plist */,
				1DD2E0A0251726C80032967B /* Preview Content */,
			);
			path = NewsApp;
			sourceTree = "<group>";
		};
		1DD2E0A0251726C80032967B /* Preview Content */ = {
			isa = PBXGroup;
			children = (
				1DD2E0A1251726C80032967B /* Preview Assets.xcassets */,
			);
			path = "Preview Content";
			sourceTree = "<group>";
		};
/* End PBXGroup section */

/* Begin PBXNativeTarget section */
		1DD2E096251726C50032967B /* NewsApp */ = {
			isa = PBXNativeTarget;
			buildConfigurationList = 1DD2E0A6251726C80032967B /* Build configuration list for PBXNativeTarget "NewsApp" */;
			buildPhases = (
				1DD2E093251726C50032967B /* Sources */,
				1DD2E094251726C50032967B /* Frameworks */,
				1DD2E095251726C50032967B /* Resources */,
			);
			buildRules = (
			);
			dependencies = (
			);
			name = NewsApp;
			productName = NewsApp;
			productReference = 1DD2E097251726C50032967B /* NewsApp.app */;
			productType = "com.apple.product-type.application";
		};
/* End PBXNativeTarget section */

/* Begin PBXProject section */
		1DD2E08F251726C50032967B /* Project object */ = {
			isa = PBXProject;
			attributes = {
				LastSwiftUpdateCheck = 1200;
				LastUpgradeCheck = 1200;
				TargetAttributes = {
					1DD2E096251726C50032967B = {
						CreatedOnToolsVersion = 12.0;
					};
				};
			};
			buildConfigurationList = 1DD2E092251726C50032967B /* Build configuration list for PBXProject "NewsApp" */;
			compatibilityVersion = "Xcode 9.3";
			developmentRegion = en;
			hasScannedForEncodings = 0;
			knownRegions = (
				en,
				Base,
			);
			mainGroup = 1DD2E08E251726C50032967B;
			productRefGroup = 1DD2E098251726C50032967B /* Products */;
			projectDirPath = "";
			projectRoot = "";
			targets = (
				1DD2E096251726C50032967B /* NewsApp */,
			);
		};
/* End PBXProject section */

/* Begin PBXResourcesBuildPhase section */
		1DD2E095251726C50032967B /* Resources */ = {
			isa = PBXResourcesBuildPhase;
			buildActionMask = 2147483647;
			files = (
				1DD2E0A2251726C80032967B /* Preview Assets.xcassets in Resources */,
				1DD2E09F251726C80032967B /* Assets.xcassets in Resources */,
			);
			runOnlyForDeploymentPostprocessing = 0;
		};
/* End PBXResourcesBuildPhase section */

/* Begin PBXSourcesBuildPhase section */
		1DD2E093251726C50032967B /* Sources */ = {
			isa = PBXSourcesBuildPhase;
			buildActionMask = 2147483647;
			files = (
				1D17C3962519100800984C86 /* News.swift in Sources */,
				1D17C3A625191DA800984C86 /* NewsListVM.swift in Sources */,
				1DD2E09D251726C50032967B /* ContentView.swift in Sources */,
				1D17C3A02519154000984C86 /* NetworkManager.swift in Sources */,
				1D17C39B251914E500984C86 /* Api.swift in Sources */,
				1D17C3A92519226200984C86 /* NewsCell.swift in Sources */,
				1D17C3AD2519231C00984C86 /* NewsListView.swift in Sources */,
				1D17C3A325191BE600984C86 /* NewsViewModel.swift in Sources */,
			);
			runOnlyForDeploymentPostprocessing = 0;
		};
/* End PBXSourcesBuildPhase section */

/* Begin XCBuildConfiguration section */
		1DD2E0A4251726C80032967B /* Debug */ = {
			isa = XCBuildConfiguration;
			buildSettings = {
				ALWAYS_SEARCH_USER_PATHS = NO;
				CLANG_ANALYZER_NONNULL = YES;
				CLANG_ANALYZER_NUMBER_OBJECT_CONVERSION = YES_AGGRESSIVE;
				CLANG_CXX_LANGUAGE_STANDARD = "gnu++14";
				CLANG_CXX_LIBRARY = "libc++";
				CLANG_ENABLE_MODULES = YES;
				CLANG_ENABLE_OBJC_ARC = YES;
				CLANG_ENABLE_OBJC_WEAK = YES;
				CLANG_WARN_BLOCK_CAPTURE_AUTORELEASING = YES;
				CLANG_WARN_BOOL_CONVERSION = YES;
				CLANG_WARN_COMMA = YES;
				CLANG_WARN_CONSTANT_CONVERSION = YES;
				CLANG_WARN_DEPRECATED_OBJC_IMPLEMENTATIONS = YES;
				CLANG_WARN_DIRECT_OBJC_ISA_USAGE = YES_ERROR;
				CLANG_WARN_DOCUMENTATION_COMMENTS = YES;
				CLANG_WARN_EMPTY_BODY = YES;
				CLANG_WARN_ENUM_CONVERSION = YES;
				CLANG_WARN_INFINITE_RECURSION = YES;
				CLANG_WARN_INT_CONVERSION = YES;
				CLANG_WARN_NON_LITERAL_NULL_CONVERSION = YES;
				CLANG_WARN_OBJC_IMPLICIT_RETAIN_SELF = YES;
				CLANG_WARN_OBJC_LITERAL_CONVERSION = YES;
				CLANG_WARN_OBJC_ROOT_CLASS = YES_ERROR;
				CLANG_WARN_QUOTED_INCLUDE_IN_FRAMEWORK_HEADER = YES;
				CLANG_WARN_RANGE_LOOP_ANALYSIS = YES;
				CLANG_WARN_STRICT_PROTOTYPES = YES;
				CLANG_WARN_SUSPICIOUS_MOVE = YES;
				CLANG_WARN_UNGUARDED_AVAILABILITY = YES_AGGRESSIVE;
				CLANG_WARN_UNREACHABLE_CODE = YES;
				CLANG_WARN__DUPLICATE_METHOD_MATCH = YES;
				COPY_PHASE_STRIP = NO;
				DEBUG_INFORMATION_FORMAT = dwarf;
				ENABLE_STRICT_OBJC_MSGSEND = YES;
				ENABLE_TESTABILITY = YES;
				GCC_C_LANGUAGE_STANDARD = gnu11;
				GCC_DYNAMIC_NO_PIC = NO;
				GCC_NO_COMMON_BLOCKS = YES;
				GCC_OPTIMIZATION_LEVEL = 0;
				GCC_PREPROCESSOR_DEFINITIONS = (
					"DEBUG=1",
					"$(inherited)",
				);
				GCC_WARN_64_TO_32_BIT_CONVERSION = YES;
				GCC_WARN_ABOUT_RETURN_TYPE = YES_ERROR;
				GCC_WARN_UNDECLARED_SELECTOR = YES;
				GCC_WARN_UNINITIALIZED_AUTOS = YES_AGGRESSIVE;
				GCC_WARN_UNUSED_FUNCTION = YES;
				GCC_WARN_UNUSED_VARIABLE = YES;
				IPHONEOS_DEPLOYMENT_TARGET = 14.0;
				MTL_ENABLE_DEBUG_INFO = INCLUDE_SOURCE;
				MTL_FAST_MATH = YES;
				ONLY_ACTIVE_ARCH = YES;
				SDKROOT = iphoneos;
				SWIFT_ACTIVE_COMPILATION_CONDITIONS = DEBUG;
				SWIFT_OPTIMIZATION_LEVEL = "-Onone";
			};
			name = Debug;
		};
		1DD2E0A5251726C80032967B /* Release */ = {
			isa = XCBuildConfiguration;
			buildSettings = {
				ALWAYS_SEARCH_USER_PATHS = NO;
				CLANG_ANALYZER_NONNULL = YES;
				CLANG_ANALYZER_NUMBER_OBJECT_CONVERSION = YES_AGGRESSIVE;
				CLANG_CXX_LANGUAGE_STANDARD = "gnu++14";
				CLANG_CXX_LIBRARY = "libc++";
				CLANG_ENABLE_MODULES = YES;
				CLANG_ENABLE_OBJC_ARC = YES;
				CLANG_ENABLE_OBJC_WEAK = YES;
				CLANG_WARN_BLOCK_CAPTURE_AUTORELEASING = YES;
				CLANG_WARN_BOOL_CONVERSION = YES;
				CLANG_WARN_COMMA = YES;
				CLANG_WARN_CONSTANT_CONVERSION = YES;
				CLANG_WARN_DEPRECATED_OBJC_IMPLEMENTATIONS = YES;
				CLANG_WARN_DIRECT_OBJC_ISA_USAGE = YES_ERROR;
				CLANG_WARN_DOCUMENTATION_COMMENTS = YES;
				CLANG_WARN_EMPTY_BODY = YES;
				CLANG_WARN_ENUM_CONVERSION = YES;
				CLANG_WARN_INFINITE_RECURSION = YES;
				CLANG_WARN_INT_CONVERSION = YES;
				CLANG_WARN_NON_LITERAL_NULL_CONVERSION = YES;
				CLANG_WARN_OBJC_IMPLICIT_RETAIN_SELF = YES;
				CLANG_WARN_OBJC_LITERAL_CONVERSION = YES;
				CLANG_WARN_OBJC_ROOT_CLASS = YES_ERROR;
				CLANG_WARN_QUOTED_INCLUDE_IN_FRAMEWORK_HEADER = YES;
				CLANG_WARN_RANGE_LOOP_ANALYSIS = YES;
				CLANG_WARN_STRICT_PROTOTYPES = YES;
				CLANG_WARN_SUSPICIOUS_MOVE = YES;
				CLANG_WARN_UNGUARDED_AVAILABILITY = YES_AGGRESSIVE;
				CLANG_WARN_UNREACHABLE_CODE = YES;
				CLANG_WARN__DUPLICATE_METHOD_MATCH = YES;
				COPY_PHASE_STRIP = NO;
				DEBUG_INFORMATION_FORMAT = "dwarf-with-dsym";
				ENABLE_NS_ASSERTIONS = NO;
				ENABLE_STRICT_OBJC_MSGSEND = YES;
				GCC_C_LANGUAGE_STANDARD = gnu11;
				GCC_NO_COMMON_BLOCKS = YES;
				GCC_WARN_64_TO_32_BIT_CONVERSION = YES;
				GCC_WARN_ABOUT_RETURN_TYPE = YES_ERROR;
				GCC_WARN_UNDECLARED_SELECTOR = YES;
				GCC_WARN_UNINITIALIZED_AUTOS = YES_AGGRESSIVE;
				GCC_WARN_UNUSED_FUNCTION = YES;
				GCC_WARN_UNUSED_VARIABLE = YES;
				IPHONEOS_DEPLOYMENT_TARGET = 14.0;
				MTL_ENABLE_DEBUG_INFO = NO;
				MTL_FAST_MATH = YES;
				SDKROOT = iphoneos;
				SWIFT_COMPILATION_MODE = wholemodule;
				SWIFT_OPTIMIZATION_LEVEL = "-O";
				VALIDATE_PRODUCT = YES;
			};
			name = Release;
		};
		1DD2E0A7251726C80032967B /* Debug */ = {
			isa = XCBuildConfiguration;
			buildSettings = {
				ASSETCATALOG_COMPILER_APPICON_NAME = AppIcon;
				ASSETCATALOG_COMPILER_GLOBAL_ACCENT_COLOR_NAME = AccentColor;
				CODE_SIGN_STYLE = Automatic;
				DEVELOPMENT_ASSET_PATHS = "\"NewsApp/Preview Content\"";
				ENABLE_PREVIEWS = YES;
				INFOPLIST_FILE = NewsApp/Info.plist;
				IPHONEOS_DEPLOYMENT_TARGET = 14.0;
				LD_RUNPATH_SEARCH_PATHS = (
					"$(inherited)",
					"@executable_path/Frameworks",
				);
				PRODUCT_BUNDLE_IDENTIFIER = com.portonics.NewsApp;
				PRODUCT_NAME = "$(TARGET_NAME)";
				SWIFT_VERSION = 5.0;
				TARGETED_DEVICE_FAMILY = "1,2";
			};
			name = Debug;
		};
		1DD2E0A8251726C80032967B /* Release */ = {
			isa = XCBuildConfiguration;
			buildSettings = {
				ASSETCATALOG_COMPILER_APPICON_NAME = AppIcon;
				ASSETCATALOG_COMPILER_GLOBAL_ACCENT_COLOR_NAME = AccentColor;
				CODE_SIGN_STYLE = Automatic;
				DEVELOPMENT_ASSET_PATHS = "\"NewsApp/Preview Content\"";
				ENABLE_PREVIEWS = YES;
				INFOPLIST_FILE = NewsApp/Info.plist;
				IPHONEOS_DEPLOYMENT_TARGET = 14.0;
				LD_RUNPATH_SEARCH_PATHS = (
					"$(inherited)",
					"@executable_path/Frameworks",
				);
				PRODUCT_BUNDLE_IDENTIFIER = com.portonics.NewsApp;
				PRODUCT_NAME = "$(TARGET_NAME)";
				SWIFT_VERSION = 5.0;
				TARGETED_DEVICE_FAMILY = "1,2";
			};
			name = Release;
		};
/* End XCBuildConfiguration section */

/* Begin XCConfigurationList section */
		1DD2E092251726C50032967B /* Build configuration list for PBXProject "NewsApp" */ = {
			isa = XCConfigurationList;
			buildConfigurations = (
				1DD2E0A4251726C80032967B /* Debug */,
				1DD2E0A5251726C80032967B /* Release */,
			);
			defaultConfigurationIsVisible = 0;
			defaultConfigurationName = Release;
		};
		1DD2E0A6251726C80032967B /* Build configuration list for PBXNativeTarget "NewsApp" */ = {
			isa = XCConfigurationList;
			buildConfigurations = (
				1DD2E0A7251726C80032967B /* Debug */,
				1DD2E0A8251726C80032967B /* Release */,
			);
			defaultConfigurationIsVisible = 0;
			defaultConfigurationName = Release;
		};
/* End XCConfigurationList section */
	};
	rootObject = 1DD2E08F251726C50032967B /* Project object */;
}
