// !$*UTF8*$!
{
	archiveVersion = 1;
	classes = {
	};
	objectVersion = 55;
	objects = {

/* Begin PBXBuildFile section */
		071FB9892781D2BD00C65240 /* FirebaseManager.swift in Sources */ = {isa = PBXBuildFile; fileRef = 071FB9882781D2BD00C65240 /* FirebaseManager.swift */; };
		071FB98C2781E34500C65240 /* SDWebImageSwiftUI in Frameworks */ = {isa = PBXBuildFile; productRef = 071FB98B2781E34500C65240 /* SDWebImageSwiftUI */; };
		071FB98E2781E70E00C65240 /* extensions.swift in Sources */ = {isa = PBXBuildFile; fileRef = 071FB98D2781E70E00C65240 /* extensions.swift */; };
		07CF97A4277B70B000B3F80C /* ChatAppApp.swift in Sources */ = {isa = PBXBuildFile; fileRef = 07CF97A3277B70B000B3F80C /* ChatAppApp.swift */; };
		07CF97A6277B70B000B3F80C /* LoginView.swift in Sources */ = {isa = PBXBuildFile; fileRef = 07CF97A5277B70B000B3F80C /* LoginView.swift */; };
		07CF97A8277B70B400B3F80C /* Assets.xcassets in Resources */ = {isa = PBXBuildFile; fileRef = 07CF97A7277B70B400B3F80C /* Assets.xcassets */; };
		07CF97AB277B70B400B3F80C /* Preview Assets.xcassets in Resources */ = {isa = PBXBuildFile; fileRef = 07CF97AA277B70B400B3F80C /* Preview Assets.xcassets */; };
		07CF97B9277C0DB700B3F80C /* GoogleService-Info.plist in Resources */ = {isa = PBXBuildFile; fileRef = 07CF97B8277C0DB600B3F80C /* GoogleService-Info.plist */; };
		07D77AA5278173E500FF137B /* ImagePicker.swift in Sources */ = {isa = PBXBuildFile; fileRef = 07D77AA4278173E500FF137B /* ImagePicker.swift */; };
		07D77AA82781806800FF137B /* FirebaseAnalytics in Frameworks */ = {isa = PBXBuildFile; productRef = 07D77AA72781806800FF137B /* FirebaseAnalytics */; };
		07D77AAA2781806800FF137B /* FirebaseAppDistribution-Beta in Frameworks */ = {isa = PBXBuildFile; productRef = 07D77AA92781806800FF137B /* FirebaseAppDistribution-Beta */; };
		07D77AAC2781806800FF137B /* FirebaseAuth in Frameworks */ = {isa = PBXBuildFile; productRef = 07D77AAB2781806800FF137B /* FirebaseAuth */; };
		07D77AAE2781806800FF137B /* FirebaseCrashlytics in Frameworks */ = {isa = PBXBuildFile; productRef = 07D77AAD2781806800FF137B /* FirebaseCrashlytics */; };
		07D77AB02781806800FF137B /* FirebaseDatabase in Frameworks */ = {isa = PBXBuildFile; productRef = 07D77AAF2781806800FF137B /* FirebaseDatabase */; };
		07D77AB22781806800FF137B /* FirebaseFirestore in Frameworks */ = {isa = PBXBuildFile; productRef = 07D77AB12781806800FF137B /* FirebaseFirestore */; };
		07D77AB42781806800FF137B /* FirebaseFunctions in Frameworks */ = {isa = PBXBuildFile; productRef = 07D77AB32781806800FF137B /* FirebaseFunctions */; };
		07D77AB62781806800FF137B /* FirebaseMessaging in Frameworks */ = {isa = PBXBuildFile; productRef = 07D77AB52781806800FF137B /* FirebaseMessaging */; };
		07D77AB82781806800FF137B /* FirebasePerformance in Frameworks */ = {isa = PBXBuildFile; productRef = 07D77AB72781806800FF137B /* FirebasePerformance */; };
		07D77ABA2781806800FF137B /* FirebaseRemoteConfig in Frameworks */ = {isa = PBXBuildFile; productRef = 07D77AB92781806800FF137B /* FirebaseRemoteConfig */; };
		07D77ABC2781806800FF137B /* FirebaseStorage in Frameworks */ = {isa = PBXBuildFile; productRef = 07D77ABB2781806800FF137B /* FirebaseStorage */; };
		07D77ABE2781B0B700FF137B /* MainMessagesView.swift in Sources */ = {isa = PBXBuildFile; fileRef = 07D77ABD2781B0B700FF137B /* MainMessagesView.swift */; };
/* End PBXBuildFile section */

/* Begin PBXFileReference section */
		071FB9882781D2BD00C65240 /* FirebaseManager.swift */ = {isa = PBXFileReference; fileEncoding = 4; lastKnownFileType = sourcecode.swift; path = FirebaseManager.swift; sourceTree = "<group>"; };
		071FB98D2781E70E00C65240 /* extensions.swift */ = {isa = PBXFileReference; lastKnownFileType = sourcecode.swift; path = extensions.swift; sourceTree = "<group>"; };
		07CF97A0277B70B000B3F80C /* ChatApp.app */ = {isa = PBXFileReference; explicitFileType = wrapper.application; includeInIndex = 0; path = ChatApp.app; sourceTree = BUILT_PRODUCTS_DIR; };
		07CF97A3277B70B000B3F80C /* ChatAppApp.swift */ = {isa = PBXFileReference; lastKnownFileType = sourcecode.swift; path = ChatAppApp.swift; sourceTree = "<group>"; };
		07CF97A5277B70B000B3F80C /* LoginView.swift */ = {isa = PBXFileReference; lastKnownFileType = sourcecode.swift; path = LoginView.swift; sourceTree = "<group>"; };
		07CF97A7277B70B400B3F80C /* Assets.xcassets */ = {isa = PBXFileReference; lastKnownFileType = folder.assetcatalog; path = Assets.xcassets; sourceTree = "<group>"; };
		07CF97AA277B70B400B3F80C /* Preview Assets.xcassets */ = {isa = PBXFileReference; lastKnownFileType = folder.assetcatalog; path = "Preview Assets.xcassets"; sourceTree = "<group>"; };
		07CF97B8277C0DB600B3F80C /* GoogleService-Info.plist */ = {isa = PBXFileReference; fileEncoding = 4; lastKnownFileType = text.plist.xml; name = "GoogleService-Info.plist"; path = "ChatApp/GoogleService-Info.plist"; sourceTree = "<group>"; };
		07D77AA4278173E500FF137B /* ImagePicker.swift */ = {isa = PBXFileReference; fileEncoding = 4; lastKnownFileType = sourcecode.swift; path = ImagePicker.swift; sourceTree = "<group>"; };
		07D77ABD2781B0B700FF137B /* MainMessagesView.swift */ = {isa = PBXFileReference; lastKnownFileType = sourcecode.swift; path = MainMessagesView.swift; sourceTree = "<group>"; };
/* End PBXFileReference section */

/* Begin PBXFrameworksBuildPhase section */
		07CF979D277B70B000B3F80C /* Frameworks */ = {
			isa = PBXFrameworksBuildPhase;
			buildActionMask = 2147483647;
			files = (
				071FB98C2781E34500C65240 /* SDWebImageSwiftUI in Frameworks */,
				07D77AB62781806800FF137B /* FirebaseMessaging in Frameworks */,
				07D77AB02781806800FF137B /* FirebaseDatabase in Frameworks */,
				07D77AB82781806800FF137B /* FirebasePerformance in Frameworks */,
				07D77AB42781806800FF137B /* FirebaseFunctions in Frameworks */,
				07D77AA82781806800FF137B /* FirebaseAnalytics in Frameworks */,
				07D77AAE2781806800FF137B /* FirebaseCrashlytics in Frameworks */,
				07D77AAC2781806800FF137B /* FirebaseAuth in Frameworks */,
				07D77AAA2781806800FF137B /* FirebaseAppDistribution-Beta in Frameworks */,
				07D77ABC2781806800FF137B /* FirebaseStorage in Frameworks */,
				07D77AB22781806800FF137B /* FirebaseFirestore in Frameworks */,
				07D77ABA2781806800FF137B /* FirebaseRemoteConfig in Frameworks */,
			);
			runOnlyForDeploymentPostprocessing = 0;
		};
/* End PBXFrameworksBuildPhase section */

/* Begin PBXGroup section */
		07CF9797277B70B000B3F80C = {
			isa = PBXGroup;
			children = (
				07CF97B8277C0DB600B3F80C /* GoogleService-Info.plist */,
				07CF97A2277B70B000B3F80C /* ChatApp */,
				07CF97A1277B70B000B3F80C /* Products */,
			);
			sourceTree = "<group>";
		};
		07CF97A1277B70B000B3F80C /* Products */ = {
			isa = PBXGroup;
			children = (
				07CF97A0277B70B000B3F80C /* ChatApp.app */,
			);
			name = Products;
			sourceTree = "<group>";
		};
		07CF97A2277B70B000B3F80C /* ChatApp */ = {
			isa = PBXGroup;
			children = (
				071FB9882781D2BD00C65240 /* FirebaseManager.swift */,
				07D77AA4278173E500FF137B /* ImagePicker.swift */,
				07CF97A3277B70B000B3F80C /* ChatAppApp.swift */,
				07CF97A5277B70B000B3F80C /* LoginView.swift */,
				07CF97A7277B70B400B3F80C /* Assets.xcassets */,
				07CF97A9277B70B400B3F80C /* Preview Content */,
				07D77ABD2781B0B700FF137B /* MainMessagesView.swift */,
				071FB98D2781E70E00C65240 /* extensions.swift */,
			);
			path = ChatApp;
			sourceTree = "<group>";
		};
		07CF97A9277B70B400B3F80C /* Preview Content */ = {
			isa = PBXGroup;
			children = (
				07CF97AA277B70B400B3F80C /* Preview Assets.xcassets */,
			);
			path = "Preview Content";
			sourceTree = "<group>";
		};
/* End PBXGroup section */

/* Begin PBXNativeTarget section */
		07CF979F277B70B000B3F80C /* ChatApp */ = {
			isa = PBXNativeTarget;
			buildConfigurationList = 07CF97AE277B70B400B3F80C /* Build configuration list for PBXNativeTarget "ChatApp" */;
			buildPhases = (
				07CF979C277B70B000B3F80C /* Sources */,
				07CF979D277B70B000B3F80C /* Frameworks */,
				07CF979E277B70B000B3F80C /* Resources */,
			);
			buildRules = (
			);
			dependencies = (
			);
			name = ChatApp;
			packageProductDependencies = (
				07D77AA72781806800FF137B /* FirebaseAnalytics */,
				07D77AA92781806800FF137B /* FirebaseAppDistribution-Beta */,
				07D77AAB2781806800FF137B /* FirebaseAuth */,
				07D77AAD2781806800FF137B /* FirebaseCrashlytics */,
				07D77AAF2781806800FF137B /* FirebaseDatabase */,
				07D77AB12781806800FF137B /* FirebaseFirestore */,
				07D77AB32781806800FF137B /* FirebaseFunctions */,
				07D77AB52781806800FF137B /* FirebaseMessaging */,
				07D77AB72781806800FF137B /* FirebasePerformance */,
				07D77AB92781806800FF137B /* FirebaseRemoteConfig */,
				07D77ABB2781806800FF137B /* FirebaseStorage */,
				071FB98B2781E34500C65240 /* SDWebImageSwiftUI */,
			);
			productName = ChatApp;
			productReference = 07CF97A0277B70B000B3F80C /* ChatApp.app */;
			productType = "com.apple.product-type.application";
		};
/* End PBXNativeTarget section */

/* Begin PBXProject section */
		07CF9798277B70B000B3F80C /* Project object */ = {
			isa = PBXProject;
			attributes = {
				BuildIndependentTargetsInParallel = 1;
				LastSwiftUpdateCheck = 1310;
				LastUpgradeCheck = 1310;
				TargetAttributes = {
					07CF979F277B70B000B3F80C = {
						CreatedOnToolsVersion = 13.1;
					};
				};
			};
			buildConfigurationList = 07CF979B277B70B000B3F80C /* Build configuration list for PBXProject "ChatApp" */;
			compatibilityVersion = "Xcode 13.0";
			developmentRegion = en;
			hasScannedForEncodings = 0;
			knownRegions = (
				en,
				Base,
			);
			mainGroup = 07CF9797277B70B000B3F80C;
			packageReferences = (
				07D77AA62781806800FF137B /* XCRemoteSwiftPackageReference "firebase-ios-sdk" */,
				071FB98A2781E34500C65240 /* XCRemoteSwiftPackageReference "SDWebImageSwiftUI" */,
			);
			productRefGroup = 07CF97A1277B70B000B3F80C /* Products */;
			projectDirPath = "";
			projectRoot = "";
			targets = (
				07CF979F277B70B000B3F80C /* ChatApp */,
			);
		};
/* End PBXProject section */

/* Begin PBXResourcesBuildPhase section */
		07CF979E277B70B000B3F80C /* Resources */ = {
			isa = PBXResourcesBuildPhase;
			buildActionMask = 2147483647;
			files = (
				07CF97AB277B70B400B3F80C /* Preview Assets.xcassets in Resources */,
				07CF97A8277B70B400B3F80C /* Assets.xcassets in Resources */,
				07CF97B9277C0DB700B3F80C /* GoogleService-Info.plist in Resources */,
			);
			runOnlyForDeploymentPostprocessing = 0;
		};
/* End PBXResourcesBuildPhase section */

/* Begin PBXSourcesBuildPhase section */
		07CF979C277B70B000B3F80C /* Sources */ = {
			isa = PBXSourcesBuildPhase;
			buildActionMask = 2147483647;
			files = (
				07D77AA5278173E500FF137B /* ImagePicker.swift in Sources */,
				07D77ABE2781B0B700FF137B /* MainMessagesView.swift in Sources */,
				071FB9892781D2BD00C65240 /* FirebaseManager.swift in Sources */,
				07CF97A6277B70B000B3F80C /* LoginView.swift in Sources */,
				07CF97A4277B70B000B3F80C /* ChatAppApp.swift in Sources */,
				071FB98E2781E70E00C65240 /* extensions.swift in Sources */,
			);
			runOnlyForDeploymentPostprocessing = 0;
		};
/* End PBXSourcesBuildPhase section */

/* Begin XCBuildConfiguration section */
		07CF97AC277B70B400B3F80C /* Debug */ = {
			isa = XCBuildConfiguration;
			buildSettings = {
				ALWAYS_SEARCH_USER_PATHS = NO;
				CLANG_ANALYZER_NONNULL = YES;
				CLANG_ANALYZER_NUMBER_OBJECT_CONVERSION = YES_AGGRESSIVE;
				CLANG_CXX_LANGUAGE_STANDARD = "gnu++17";
				CLANG_CXX_LIBRARY = "libc++";
				CLANG_ENABLE_MODULES = YES;
				CLANG_ENABLE_OBJC_ARC = YES;
				CLANG_ENABLE_OBJC_WEAK = YES;
				CLANG_WARN_BLOCK_CAPTURE_AUTORELEASING = YES;
				CLANG_WARN_BOOL_CONVERSION = YES;
				CLANG_WARN_COMMA = YES;
				CLANG_WARN_CONSTANT_CONVERSION = YES;
				CLANG_WARN_DEPRECATED_OBJC_IMPLEMENTATIONS = YES;
				CLANG_WARN_DIRECT_OBJC_ISA_USAGE = YES_ERROR;
				CLANG_WARN_DOCUMENTATION_COMMENTS = YES;
				CLANG_WARN_EMPTY_BODY = YES;
				CLANG_WARN_ENUM_CONVERSION = YES;
				CLANG_WARN_INFINITE_RECURSION = YES;
				CLANG_WARN_INT_CONVERSION = YES;
				CLANG_WARN_NON_LITERAL_NULL_CONVERSION = YES;
				CLANG_WARN_OBJC_IMPLICIT_RETAIN_SELF = YES;
				CLANG_WARN_OBJC_LITERAL_CONVERSION = YES;
				CLANG_WARN_OBJC_ROOT_CLASS = YES_ERROR;
				CLANG_WARN_QUOTED_INCLUDE_IN_FRAMEWORK_HEADER = YES;
				CLANG_WARN_RANGE_LOOP_ANALYSIS = YES;
				CLANG_WARN_STRICT_PROTOTYPES = YES;
				CLANG_WARN_SUSPICIOUS_MOVE = YES;
				CLANG_WARN_UNGUARDED_AVAILABILITY = YES_AGGRESSIVE;
				CLANG_WARN_UNREACHABLE_CODE = YES;
				CLANG_WARN__DUPLICATE_METHOD_MATCH = YES;
				COPY_PHASE_STRIP = NO;
				DEBUG_INFORMATION_FORMAT = dwarf;
				ENABLE_STRICT_OBJC_MSGSEND = YES;
				ENABLE_TESTABILITY = YES;
				GCC_C_LANGUAGE_STANDARD = gnu11;
				GCC_DYNAMIC_NO_PIC = NO;
				GCC_NO_COMMON_BLOCKS = YES;
				GCC_OPTIMIZATION_LEVEL = 0;
				GCC_PREPROCESSOR_DEFINITIONS = (
					"DEBUG=1",
					"$(inherited)",
				);
				GCC_WARN_64_TO_32_BIT_CONVERSION = YES;
				GCC_WARN_ABOUT_RETURN_TYPE = YES_ERROR;
				GCC_WARN_UNDECLARED_SELECTOR = YES;
				GCC_WARN_UNINITIALIZED_AUTOS = YES_AGGRESSIVE;
				GCC_WARN_UNUSED_FUNCTION = YES;
				GCC_WARN_UNUSED_VARIABLE = YES;
				IPHONEOS_DEPLOYMENT_TARGET = 15.0;
				MTL_ENABLE_DEBUG_INFO = INCLUDE_SOURCE;
				MTL_FAST_MATH = YES;
				ONLY_ACTIVE_ARCH = YES;
				SDKROOT = iphoneos;
				SWIFT_ACTIVE_COMPILATION_CONDITIONS = DEBUG;
				SWIFT_OPTIMIZATION_LEVEL = "-Onone";
			};
			name = Debug;
		};
		07CF97AD277B70B400B3F80C /* Release */ = {
			isa = XCBuildConfiguration;
			buildSettings = {
				ALWAYS_SEARCH_USER_PATHS = NO;
				CLANG_ANALYZER_NONNULL = YES;
				CLANG_ANALYZER_NUMBER_OBJECT_CONVERSION = YES_AGGRESSIVE;
				CLANG_CXX_LANGUAGE_STANDARD = "gnu++17";
				CLANG_CXX_LIBRARY = "libc++";
				CLANG_ENABLE_MODULES = YES;
				CLANG_ENABLE_OBJC_ARC = YES;
				CLANG_ENABLE_OBJC_WEAK = YES;
				CLANG_WARN_BLOCK_CAPTURE_AUTORELEASING = YES;
				CLANG_WARN_BOOL_CONVERSION = YES;
				CLANG_WARN_COMMA = YES;
				CLANG_WARN_CONSTANT_CONVERSION = YES;
				CLANG_WARN_DEPRECATED_OBJC_IMPLEMENTATIONS = YES;
				CLANG_WARN_DIRECT_OBJC_ISA_USAGE = YES_ERROR;
				CLANG_WARN_DOCUMENTATION_COMMENTS = YES;
				CLANG_WARN_EMPTY_BODY = YES;
				CLANG_WARN_ENUM_CONVERSION = YES;
				CLANG_WARN_INFINITE_RECURSION = YES;
				CLANG_WARN_INT_CONVERSION = YES;
				CLANG_WARN_NON_LITERAL_NULL_CONVERSION = YES;
				CLANG_WARN_OBJC_IMPLICIT_RETAIN_SELF = YES;
				CLANG_WARN_OBJC_LITERAL_CONVERSION = YES;
				CLANG_WARN_OBJC_ROOT_CLASS = YES_ERROR;
				CLANG_WARN_QUOTED_INCLUDE_IN_FRAMEWORK_HEADER = YES;
				CLANG_WARN_RANGE_LOOP_ANALYSIS = YES;
				CLANG_WARN_STRICT_PROTOTYPES = YES;
				CLANG_WARN_SUSPICIOUS_MOVE = YES;
				CLANG_WARN_UNGUARDED_AVAILABILITY = YES_AGGRESSIVE;
				CLANG_WARN_UNREACHABLE_CODE = YES;
				CLANG_WARN__DUPLICATE_METHOD_MATCH = YES;
				COPY_PHASE_STRIP = NO;
				DEBUG_INFORMATION_FORMAT = "dwarf-with-dsym";
				ENABLE_NS_ASSERTIONS = NO;
				ENABLE_STRICT_OBJC_MSGSEND = YES;
				GCC_C_LANGUAGE_STANDARD = gnu11;
				GCC_NO_COMMON_BLOCKS = YES;
				GCC_WARN_64_TO_32_BIT_CONVERSION = YES;
				GCC_WARN_ABOUT_RETURN_TYPE = YES_ERROR;
				GCC_WARN_UNDECLARED_SELECTOR = YES;
				GCC_WARN_UNINITIALIZED_AUTOS = YES_AGGRESSIVE;
				GCC_WARN_UNUSED_FUNCTION = YES;
				GCC_WARN_UNUSED_VARIABLE = YES;
				IPHONEOS_DEPLOYMENT_TARGET = 15.0;
				MTL_ENABLE_DEBUG_INFO = NO;
				MTL_FAST_MATH = YES;
				SDKROOT = iphoneos;
				SWIFT_COMPILATION_MODE = wholemodule;
				SWIFT_OPTIMIZATION_LEVEL = "-O";
				VALIDATE_PRODUCT = YES;
			};
			name = Release;
		};
		07CF97AF277B70B400B3F80C /* Debug */ = {
			isa = XCBuildConfiguration;
			buildSettings = {
				ASSETCATALOG_COMPILER_APPICON_NAME = AppIcon;
				ASSETCATALOG_COMPILER_GLOBAL_ACCENT_COLOR_NAME = AccentColor;
				CODE_SIGN_STYLE = Automatic;
				CURRENT_PROJECT_VERSION = 1;
				DEVELOPMENT_ASSET_PATHS = "\"ChatApp/Preview Content\"";
				DEVELOPMENT_TEAM = VXU75L53UG;
				ENABLE_PREVIEWS = YES;
				GENERATE_INFOPLIST_FILE = YES;
				INFOPLIST_KEY_UIApplicationSceneManifest_Generation = YES;
				INFOPLIST_KEY_UIApplicationSupportsIndirectInputEvents = YES;
				INFOPLIST_KEY_UILaunchScreen_Generation = YES;
				INFOPLIST_KEY_UISupportedInterfaceOrientations_iPad = "UIInterfaceOrientationPortrait UIInterfaceOrientationPortraitUpsideDown UIInterfaceOrientationLandscapeLeft UIInterfaceOrientationLandscapeRight";
				INFOPLIST_KEY_UISupportedInterfaceOrientations_iPhone = "UIInterfaceOrientationPortrait UIInterfaceOrientationLandscapeLeft UIInterfaceOrientationLandscapeRight";
				LD_RUNPATH_SEARCH_PATHS = (
					"$(inherited)",
					"@executable_path/Frameworks",
				);
				MARKETING_VERSION = 1.0;
				PRODUCT_BUNDLE_IDENTIFIER = com.portonics.ChatApp;
				PRODUCT_NAME = "$(TARGET_NAME)";
				SWIFT_EMIT_LOC_STRINGS = YES;
				SWIFT_VERSION = 5.0;
				TARGETED_DEVICE_FAMILY = "1,2";
			};
			name = Debug;
		};
		07CF97B0277B70B400B3F80C /* Release */ = {
			isa = XCBuildConfiguration;
			buildSettings = {
				ASSETCATALOG_COMPILER_APPICON_NAME = AppIcon;
				ASSETCATALOG_COMPILER_GLOBAL_ACCENT_COLOR_NAME = AccentColor;
				CODE_SIGN_STYLE = Automatic;
				CURRENT_PROJECT_VERSION = 1;
				DEVELOPMENT_ASSET_PATHS = "\"ChatApp/Preview Content\"";
				DEVELOPMENT_TEAM = VXU75L53UG;
				ENABLE_PREVIEWS = YES;
				GENERATE_INFOPLIST_FILE = YES;
				INFOPLIST_KEY_UIApplicationSceneManifest_Generation = YES;
				INFOPLIST_KEY_UIApplicationSupportsIndirectInputEvents = YES;
				INFOPLIST_KEY_UILaunchScreen_Generation = YES;
				INFOPLIST_KEY_UISupportedInterfaceOrientations_iPad = "UIInterfaceOrientationPortrait UIInterfaceOrientationPortraitUpsideDown UIInterfaceOrientationLandscapeLeft UIInterfaceOrientationLandscapeRight";
				INFOPLIST_KEY_UISupportedInterfaceOrientations_iPhone = "UIInterfaceOrientationPortrait UIInterfaceOrientationLandscapeLeft UIInterfaceOrientationLandscapeRight";
				LD_RUNPATH_SEARCH_PATHS = (
					"$(inherited)",
					"@executable_path/Frameworks",
				);
				MARKETING_VERSION = 1.0;
				PRODUCT_BUNDLE_IDENTIFIER = com.portonics.ChatApp;
				PRODUCT_NAME = "$(TARGET_NAME)";
				SWIFT_EMIT_LOC_STRINGS = YES;
				SWIFT_VERSION = 5.0;
				TARGETED_DEVICE_FAMILY = "1,2";
			};
			name = Release;
		};
/* End XCBuildConfiguration section */

/* Begin XCConfigurationList section */
		07CF979B277B70B000B3F80C /* Build configuration list for PBXProject "ChatApp" */ = {
			isa = XCConfigurationList;
			buildConfigurations = (
				07CF97AC277B70B400B3F80C /* Debug */,
				07CF97AD277B70B400B3F80C /* Release */,
			);
			defaultConfigurationIsVisible = 0;
			defaultConfigurationName = Release;
		};
		07CF97AE277B70B400B3F80C /* Build configuration list for PBXNativeTarget "ChatApp" */ = {
			isa = XCConfigurationList;
			buildConfigurations = (
				07CF97AF277B70B400B3F80C /* Debug */,
				07CF97B0277B70B400B3F80C /* Release */,
			);
			defaultConfigurationIsVisible = 0;
			defaultConfigurationName = Release;
		};
/* End XCConfigurationList section */

/* Begin XCRemoteSwiftPackageReference section */
		071FB98A2781E34500C65240 /* XCRemoteSwiftPackageReference "SDWebImageSwiftUI" */ = {
			isa = XCRemoteSwiftPackageReference;
			repositoryURL = "https://github.com/SDWebImage/SDWebImageSwiftUI";
			requirement = {
				kind = upToNextMajorVersion;
				minimumVersion = 2.0.0;
			};
		};
		07D77AA62781806800FF137B /* XCRemoteSwiftPackageReference "firebase-ios-sdk" */ = {
			isa = XCRemoteSwiftPackageReference;
			repositoryURL = "https://github.com/firebase/firebase-ios-sdk.git";
			requirement = {
				branch = master;
				kind = branch;
			};
		};
/* End XCRemoteSwiftPackageReference section */

/* Begin XCSwiftPackageProductDependency section */
		071FB98B2781E34500C65240 /* SDWebImageSwiftUI */ = {
			isa = XCSwiftPackageProductDependency;
			package = 071FB98A2781E34500C65240 /* XCRemoteSwiftPackageReference "SDWebImageSwiftUI" */;
			productName = SDWebImageSwiftUI;
		};
		07D77AA72781806800FF137B /* FirebaseAnalytics */ = {
			isa = XCSwiftPackageProductDependency;
			package = 07D77AA62781806800FF137B /* XCRemoteSwiftPackageReference "firebase-ios-sdk" */;
			productName = FirebaseAnalytics;
		};
		07D77AA92781806800FF137B /* FirebaseAppDistribution-Beta */ = {
			isa = XCSwiftPackageProductDependency;
			package = 07D77AA62781806800FF137B /* XCRemoteSwiftPackageReference "firebase-ios-sdk" */;
			productName = "FirebaseAppDistribution-Beta";
		};
		07D77AAB2781806800FF137B /* FirebaseAuth */ = {
			isa = XCSwiftPackageProductDependency;
			package = 07D77AA62781806800FF137B /* XCRemoteSwiftPackageReference "firebase-ios-sdk" */;
			productName = FirebaseAuth;
		};
		07D77AAD2781806800FF137B /* FirebaseCrashlytics */ = {
			isa = XCSwiftPackageProductDependency;
			package = 07D77AA62781806800FF137B /* XCRemoteSwiftPackageReference "firebase-ios-sdk" */;
			productName = FirebaseCrashlytics;
		};
		07D77AAF2781806800FF137B /* FirebaseDatabase */ = {
			isa = XCSwiftPackageProductDependency;
			package = 07D77AA62781806800FF137B /* XCRemoteSwiftPackageReference "firebase-ios-sdk" */;
			productName = FirebaseDatabase;
		};
		07D77AB12781806800FF137B /* FirebaseFirestore */ = {
			isa = XCSwiftPackageProductDependency;
			package = 07D77AA62781806800FF137B /* XCRemoteSwiftPackageReference "firebase-ios-sdk" */;
			productName = FirebaseFirestore;
		};
		07D77AB32781806800FF137B /* FirebaseFunctions */ = {
			isa = XCSwiftPackageProductDependency;
			package = 07D77AA62781806800FF137B /* XCRemoteSwiftPackageReference "firebase-ios-sdk" */;
			productName = FirebaseFunctions;
		};
		07D77AB52781806800FF137B /* FirebaseMessaging */ = {
			isa = XCSwiftPackageProductDependency;
			package = 07D77AA62781806800FF137B /* XCRemoteSwiftPackageReference "firebase-ios-sdk" */;
			productName = FirebaseMessaging;
		};
		07D77AB72781806800FF137B /* FirebasePerformance */ = {
			isa = XCSwiftPackageProductDependency;
			package = 07D77AA62781806800FF137B /* XCRemoteSwiftPackageReference "firebase-ios-sdk" */;
			productName = FirebasePerformance;
		};
		07D77AB92781806800FF137B /* FirebaseRemoteConfig */ = {
			isa = XCSwiftPackageProductDependency;
			package = 07D77AA62781806800FF137B /* XCRemoteSwiftPackageReference "firebase-ios-sdk" */;
			productName = FirebaseRemoteConfig;
		};
		07D77ABB2781806800FF137B /* FirebaseStorage */ = {
			isa = XCSwiftPackageProductDependency;
			package = 07D77AA62781806800FF137B /* XCRemoteSwiftPackageReference "firebase-ios-sdk" */;
			productName = FirebaseStorage;
		};
/* End XCSwiftPackageProductDependency section */
	};
	rootObject = 07CF9798277B70B000B3F80C /* Project object */;
}
