// !$*UTF8*$!
{
	archiveVersion = 1;
	classes = {
	};
	objectVersion = 55;
	objects = {

/* Begin PBXBuildFile section */
		1D3692A8283A157000B4494D /* CombieSwiftUIApp.swift in Sources */ = {isa = PBXBuildFile; fileRef = 1D3692A7283A157000B4494D /* CombieSwiftUIApp.swift */; };
		1D3692AA283A157000B4494D /* ContentView.swift in Sources */ = {isa = PBXBuildFile; fileRef = 1D3692A9283A157000B4494D /* ContentView.swift */; };
		1D3692AC283A157300B4494D /* Assets.xcassets in Resources */ = {isa = PBXBuildFile; fileRef = 1D3692AB283A157300B4494D /* Assets.xcassets */; };
		1D3692AF283A157300B4494D /* Preview Assets.xcassets in Resources */ = {isa = PBXBuildFile; fileRef = 1D3692AE283A157300B4494D /* Preview Assets.xcassets */; };
		1D3692C6283A178000B4494D /* SupportCode.swift in Sources */ = {isa = PBXBuildFile; fileRef = 1D3692C5283A178000B4494D /* SupportCode.swift */; };
		1D3692CB283B905000B4494D /* extension + ContentView + 2.swift in Sources */ = {isa = PBXBuildFile; fileRef = 1D3692CA283B904F00B4494D /* extension + ContentView + 2.swift */; };
		1D3692CD283B90E100B4494D /* chapter3 + Operators.swift in Sources */ = {isa = PBXBuildFile; fileRef = 1D3692CC283B90E100B4494D /* chapter3 + Operators.swift */; };
		1D3692D0283BA26400B4494D /* Chatter.swift in Sources */ = {isa = PBXBuildFile; fileRef = 1D3692CF283BA26400B4494D /* Chatter.swift */; };
/* End PBXBuildFile section */

/* Begin PBXFileReference section */
		1D3692A4283A157000B4494D /* CombieSwiftUI.app */ = {isa = PBXFileReference; explicitFileType = wrapper.application; includeInIndex = 0; path = CombieSwiftUI.app; sourceTree = BUILT_PRODUCTS_DIR; };
		1D3692A7283A157000B4494D /* CombieSwiftUIApp.swift */ = {isa = PBXFileReference; lastKnownFileType = sourcecode.swift; path = CombieSwiftUIApp.swift; sourceTree = "<group>"; };
		1D3692A9283A157000B4494D /* ContentView.swift */ = {isa = PBXFileReference; lastKnownFileType = sourcecode.swift; path = ContentView.swift; sourceTree = "<group>"; };
		1D3692AB283A157300B4494D /* Assets.xcassets */ = {isa = PBXFileReference; lastKnownFileType = folder.assetcatalog; path = Assets.xcassets; sourceTree = "<group>"; };
		1D3692AE283A157300B4494D /* Preview Assets.xcassets */ = {isa = PBXFileReference; lastKnownFileType = folder.assetcatalog; path = "Preview Assets.xcassets"; sourceTree = "<group>"; };
		1D3692C5283A178000B4494D /* SupportCode.swift */ = {isa = PBXFileReference; lastKnownFileType = sourcecode.swift; path = SupportCode.swift; sourceTree = "<group>"; };
		1D3692CA283B904F00B4494D /* extension + ContentView + 2.swift */ = {isa = PBXFileReference; lastKnownFileType = sourcecode.swift; path = "extension + ContentView + 2.swift"; sourceTree = "<group>"; };
		1D3692CC283B90E100B4494D /* chapter3 + Operators.swift */ = {isa = PBXFileReference; lastKnownFileType = sourcecode.swift; path = "chapter3 + Operators.swift"; sourceTree = "<group>"; };
		1D3692CF283BA26400B4494D /* Chatter.swift */ = {isa = PBXFileReference; lastKnownFileType = sourcecode.swift; path = Chatter.swift; sourceTree = "<group>"; };
/* End PBXFileReference section */

/* Begin PBXFrameworksBuildPhase section */
		1D3692A1283A157000B4494D /* Frameworks */ = {
			isa = PBXFrameworksBuildPhase;
			buildActionMask = 2147483647;
			files = (
			);
			runOnlyForDeploymentPostprocessing = 0;
		};
/* End PBXFrameworksBuildPhase section */

/* Begin PBXGroup section */
		1D36929B283A157000B4494D = {
			isa = PBXGroup;
			children = (
				1D3692A6283A157000B4494D /* CombieSwiftUI */,
				1D3692A5283A157000B4494D /* Products */,
			);
			sourceTree = "<group>";
		};
		1D3692A5283A157000B4494D /* Products */ = {
			isa = PBXGroup;
			children = (
				1D3692A4283A157000B4494D /* CombieSwiftUI.app */,
			);
			name = Products;
			sourceTree = "<group>";
		};
		1D3692A6283A157000B4494D /* CombieSwiftUI */ = {
			isa = PBXGroup;
			children = (
				1D3692CE283BA25600B4494D /* Model */,
				1D3692C4283A175F00B4494D /* Utils */,
				1D3692A7283A157000B4494D /* CombieSwiftUIApp.swift */,
				1D3692A9283A157000B4494D /* ContentView.swift */,
				1D3692AB283A157300B4494D /* Assets.xcassets */,
				1D3692C3283A16CD00B4494D /* Chapters */,
				1D3692AD283A157300B4494D /* Preview Content */,
			);
			path = CombieSwiftUI;
			sourceTree = "<group>";
		};
		1D3692AD283A157300B4494D /* Preview Content */ = {
			isa = PBXGroup;
			children = (
				1D3692AE283A157300B4494D /* Preview Assets.xcassets */,
			);
			path = "Preview Content";
			sourceTree = "<group>";
		};
		1D3692B8283A164700B4494D /* chapter1 */ = {
			isa = PBXGroup;
			children = (
			);
			path = chapter1;
			sourceTree = "<group>";
		};
		1D3692B9283A164A00B4494D /* chapter2 */ = {
			isa = PBXGroup;
			children = (
				1D3692CA283B904F00B4494D /* extension + ContentView + 2.swift */,
			);
			path = chapter2;
			sourceTree = "<group>";
		};
		1D3692BA283A164C00B4494D /* chapter3 */ = {
			isa = PBXGroup;
			children = (
				1D3692CC283B90E100B4494D /* chapter3 + Operators.swift */,
			);
			path = chapter3;
			sourceTree = "<group>";
		};
		1D3692BB283A164E00B4494D /* chapter4 */ = {
			isa = PBXGroup;
			children = (
			);
			path = chapter4;
			sourceTree = "<group>";
		};
		1D3692BC283A165000B4494D /* chapter5 */ = {
			isa = PBXGroup;
			children = (
			);
			path = chapter5;
			sourceTree = "<group>";
		};
		1D3692BD283A165300B4494D /* chapter6 */ = {
			isa = PBXGroup;
			children = (
			);
			path = chapter6;
			sourceTree = "<group>";
		};
		1D3692BE283A165500B4494D /* chapter7 */ = {
			isa = PBXGroup;
			children = (
			);
			path = chapter7;
			sourceTree = "<group>";
		};
		1D3692BF283A165700B4494D /* chapter8 */ = {
			isa = PBXGroup;
			children = (
			);
			path = chapter8;
			sourceTree = "<group>";
		};
		1D3692C0283A165B00B4494D /* chapter9 */ = {
			isa = PBXGroup;
			children = (
			);
			path = chapter9;
			sourceTree = "<group>";
		};
		1D3692C1283A165F00B4494D /* chapter10 */ = {
			isa = PBXGroup;
			children = (
			);
			path = chapter10;
			sourceTree = "<group>";
		};
		1D3692C3283A16CD00B4494D /* Chapters */ = {
			isa = PBXGroup;
			children = (
				1D3692B8283A164700B4494D /* chapter1 */,
				1D3692B9283A164A00B4494D /* chapter2 */,
				1D3692BA283A164C00B4494D /* chapter3 */,
				1D3692BB283A164E00B4494D /* chapter4 */,
				1D3692BC283A165000B4494D /* chapter5 */,
				1D3692BD283A165300B4494D /* chapter6 */,
				1D3692BE283A165500B4494D /* chapter7 */,
				1D3692BF283A165700B4494D /* chapter8 */,
				1D3692C0283A165B00B4494D /* chapter9 */,
				1D3692C1283A165F00B4494D /* chapter10 */,
			);
			path = Chapters;
			sourceTree = "<group>";
		};
		1D3692C4283A175F00B4494D /* Utils */ = {
			isa = PBXGroup;
			children = (
				1D3692C5283A178000B4494D /* SupportCode.swift */,
			);
			path = Utils;
			sourceTree = "<group>";
		};
		1D3692CE283BA25600B4494D /* Model */ = {
			isa = PBXGroup;
			children = (
				1D3692CF283BA26400B4494D /* Chatter.swift */,
			);
			path = Model;
			sourceTree = "<group>";
		};
/* End PBXGroup section */

/* Begin PBXNativeTarget section */
		1D3692A3283A157000B4494D /* CombieSwiftUI */ = {
			isa = PBXNativeTarget;
			buildConfigurationList = 1D3692B2283A157300B4494D /* Build configuration list for PBXNativeTarget "CombieSwiftUI" */;
			buildPhases = (
				1D3692A0283A157000B4494D /* Sources */,
				1D3692A1283A157000B4494D /* Frameworks */,
				1D3692A2283A157000B4494D /* Resources */,
			);
			buildRules = (
			);
			dependencies = (
			);
			name = CombieSwiftUI;
			productName = CombieSwiftUI;
			productReference = 1D3692A4283A157000B4494D /* CombieSwiftUI.app */;
			productType = "com.apple.product-type.application";
		};
/* End PBXNativeTarget section */

/* Begin PBXProject section */
		1D36929C283A157000B4494D /* Project object */ = {
			isa = PBXProject;
			attributes = {
				BuildIndependentTargetsInParallel = 1;
				LastSwiftUpdateCheck = 1340;
				LastUpgradeCheck = 1340;
				TargetAttributes = {
					1D3692A3283A157000B4494D = {
						CreatedOnToolsVersion = 13.4;
					};
				};
			};
			buildConfigurationList = 1D36929F283A157000B4494D /* Build configuration list for PBXProject "CombieSwiftUI" */;
			compatibilityVersion = "Xcode 13.0";
			developmentRegion = en;
			hasScannedForEncodings = 0;
			knownRegions = (
				en,
				Base,
			);
			mainGroup = 1D36929B283A157000B4494D;
			productRefGroup = 1D3692A5283A157000B4494D /* Products */;
			projectDirPath = "";
			projectRoot = "";
			targets = (
				1D3692A3283A157000B4494D /* CombieSwiftUI */,
			);
		};
/* End PBXProject section */

/* Begin PBXResourcesBuildPhase section */
		1D3692A2283A157000B4494D /* Resources */ = {
			isa = PBXResourcesBuildPhase;
			buildActionMask = 2147483647;
			files = (
				1D3692AF283A157300B4494D /* Preview Assets.xcassets in Resources */,
				1D3692AC283A157300B4494D /* Assets.xcassets in Resources */,
			);
			runOnlyForDeploymentPostprocessing = 0;
		};
/* End PBXResourcesBuildPhase section */

/* Begin PBXSourcesBuildPhase section */
		1D3692A0283A157000B4494D /* Sources */ = {
			isa = PBXSourcesBuildPhase;
			buildActionMask = 2147483647;
			files = (
				1D3692CD283B90E100B4494D /* chapter3 + Operators.swift in Sources */,
				1D3692AA283A157000B4494D /* ContentView.swift in Sources */,
				1D3692CB283B905000B4494D /* extension + ContentView + 2.swift in Sources */,
				1D3692A8283A157000B4494D /* CombieSwiftUIApp.swift in Sources */,
				1D3692C6283A178000B4494D /* SupportCode.swift in Sources */,
				1D3692D0283BA26400B4494D /* Chatter.swift in Sources */,
			);
			runOnlyForDeploymentPostprocessing = 0;
		};
/* End PBXSourcesBuildPhase section */

/* Begin XCBuildConfiguration section */
		1D3692B0283A157300B4494D /* Debug */ = {
			isa = XCBuildConfiguration;
			buildSettings = {
				ALWAYS_SEARCH_USER_PATHS = NO;
				CLANG_ANALYZER_NONNULL = YES;
				CLANG_ANALYZER_NUMBER_OBJECT_CONVERSION = YES_AGGRESSIVE;
				CLANG_CXX_LANGUAGE_STANDARD = "gnu++17";
				CLANG_ENABLE_MODULES = YES;
				CLANG_ENABLE_OBJC_ARC = YES;
				CLANG_ENABLE_OBJC_WEAK = YES;
				CLANG_WARN_BLOCK_CAPTURE_AUTORELEASING = YES;
				CLANG_WARN_BOOL_CONVERSION = YES;
				CLANG_WARN_COMMA = YES;
				CLANG_WARN_CONSTANT_CONVERSION = YES;
				CLANG_WARN_DEPRECATED_OBJC_IMPLEMENTATIONS = YES;
				CLANG_WARN_DIRECT_OBJC_ISA_USAGE = YES_ERROR;
				CLANG_WARN_DOCUMENTATION_COMMENTS = YES;
				CLANG_WARN_EMPTY_BODY = YES;
				CLANG_WARN_ENUM_CONVERSION = YES;
				CLANG_WARN_INFINITE_RECURSION = YES;
				CLANG_WARN_INT_CONVERSION = YES;
				CLANG_WARN_NON_LITERAL_NULL_CONVERSION = YES;
				CLANG_WARN_OBJC_IMPLICIT_RETAIN_SELF = YES;
				CLANG_WARN_OBJC_LITERAL_CONVERSION = YES;
				CLANG_WARN_OBJC_ROOT_CLASS = YES_ERROR;
				CLANG_WARN_QUOTED_INCLUDE_IN_FRAMEWORK_HEADER = YES;
				CLANG_WARN_RANGE_LOOP_ANALYSIS = YES;
				CLANG_WARN_STRICT_PROTOTYPES = YES;
				CLANG_WARN_SUSPICIOUS_MOVE = YES;
				CLANG_WARN_UNGUARDED_AVAILABILITY = YES_AGGRESSIVE;
				CLANG_WARN_UNREACHABLE_CODE = YES;
				CLANG_WARN__DUPLICATE_METHOD_MATCH = YES;
				COPY_PHASE_STRIP = NO;
				DEBUG_INFORMATION_FORMAT = dwarf;
				ENABLE_STRICT_OBJC_MSGSEND = YES;
				ENABLE_TESTABILITY = YES;
				GCC_C_LANGUAGE_STANDARD = gnu11;
				GCC_DYNAMIC_NO_PIC = NO;
				GCC_NO_COMMON_BLOCKS = YES;
				GCC_OPTIMIZATION_LEVEL = 0;
				GCC_PREPROCESSOR_DEFINITIONS = (
					"DEBUG=1",
					"$(inherited)",
				);
				GCC_WARN_64_TO_32_BIT_CONVERSION = YES;
				GCC_WARN_ABOUT_RETURN_TYPE = YES_ERROR;
				GCC_WARN_UNDECLARED_SELECTOR = YES;
				GCC_WARN_UNINITIALIZED_AUTOS = YES_AGGRESSIVE;
				GCC_WARN_UNUSED_FUNCTION = YES;
				GCC_WARN_UNUSED_VARIABLE = YES;
				IPHONEOS_DEPLOYMENT_TARGET = 15.5;
				MTL_ENABLE_DEBUG_INFO = INCLUDE_SOURCE;
				MTL_FAST_MATH = YES;
				ONLY_ACTIVE_ARCH = YES;
				SDKROOT = iphoneos;
				SWIFT_ACTIVE_COMPILATION_CONDITIONS = DEBUG;
				SWIFT_OPTIMIZATION_LEVEL = "-Onone";
			};
			name = Debug;
		};
		1D3692B1283A157300B4494D /* Release */ = {
			isa = XCBuildConfiguration;
			buildSettings = {
				ALWAYS_SEARCH_USER_PATHS = NO;
				CLANG_ANALYZER_NONNULL = YES;
				CLANG_ANALYZER_NUMBER_OBJECT_CONVERSION = YES_AGGRESSIVE;
				CLANG_CXX_LANGUAGE_STANDARD = "gnu++17";
				CLANG_ENABLE_MODULES = YES;
				CLANG_ENABLE_OBJC_ARC = YES;
				CLANG_ENABLE_OBJC_WEAK = YES;
				CLANG_WARN_BLOCK_CAPTURE_AUTORELEASING = YES;
				CLANG_WARN_BOOL_CONVERSION = YES;
				CLANG_WARN_COMMA = YES;
				CLANG_WARN_CONSTANT_CONVERSION = YES;
				CLANG_WARN_DEPRECATED_OBJC_IMPLEMENTATIONS = YES;
				CLANG_WARN_DIRECT_OBJC_ISA_USAGE = YES_ERROR;
				CLANG_WARN_DOCUMENTATION_COMMENTS = YES;
				CLANG_WARN_EMPTY_BODY = YES;
				CLANG_WARN_ENUM_CONVERSION = YES;
				CLANG_WARN_INFINITE_RECURSION = YES;
				CLANG_WARN_INT_CONVERSION = YES;
				CLANG_WARN_NON_LITERAL_NULL_CONVERSION = YES;
				CLANG_WARN_OBJC_IMPLICIT_RETAIN_SELF = YES;
				CLANG_WARN_OBJC_LITERAL_CONVERSION = YES;
				CLANG_WARN_OBJC_ROOT_CLASS = YES_ERROR;
				CLANG_WARN_QUOTED_INCLUDE_IN_FRAMEWORK_HEADER = YES;
				CLANG_WARN_RANGE_LOOP_ANALYSIS = YES;
				CLANG_WARN_STRICT_PROTOTYPES = YES;
				CLANG_WARN_SUSPICIOUS_MOVE = YES;
				CLANG_WARN_UNGUARDED_AVAILABILITY = YES_AGGRESSIVE;
				CLANG_WARN_UNREACHABLE_CODE = YES;
				CLANG_WARN__DUPLICATE_METHOD_MATCH = YES;
				COPY_PHASE_STRIP = NO;
				DEBUG_INFORMATION_FORMAT = "dwarf-with-dsym";
				ENABLE_NS_ASSERTIONS = NO;
				ENABLE_STRICT_OBJC_MSGSEND = YES;
				GCC_C_LANGUAGE_STANDARD = gnu11;
				GCC_NO_COMMON_BLOCKS = YES;
				GCC_WARN_64_TO_32_BIT_CONVERSION = YES;
				GCC_WARN_ABOUT_RETURN_TYPE = YES_ERROR;
				GCC_WARN_UNDECLARED_SELECTOR = YES;
				GCC_WARN_UNINITIALIZED_AUTOS = YES_AGGRESSIVE;
				GCC_WARN_UNUSED_FUNCTION = YES;
				GCC_WARN_UNUSED_VARIABLE = YES;
				IPHONEOS_DEPLOYMENT_TARGET = 15.5;
				MTL_ENABLE_DEBUG_INFO = NO;
				MTL_FAST_MATH = YES;
				SDKROOT = iphoneos;
				SWIFT_COMPILATION_MODE = wholemodule;
				SWIFT_OPTIMIZATION_LEVEL = "-O";
				VALIDATE_PRODUCT = YES;
			};
			name = Release;
		};
		1D3692B3283A157300B4494D /* Debug */ = {
			isa = XCBuildConfiguration;
			buildSettings = {
				ASSETCATALOG_COMPILER_APPICON_NAME = AppIcon;
				ASSETCATALOG_COMPILER_GLOBAL_ACCENT_COLOR_NAME = AccentColor;
				CODE_SIGN_STYLE = Automatic;
				CURRENT_PROJECT_VERSION = 1;
				DEVELOPMENT_ASSET_PATHS = "\"CombieSwiftUI/Preview Content\"";
				DEVELOPMENT_TEAM = 6P26T9HRBD;
				ENABLE_PREVIEWS = YES;
				GENERATE_INFOPLIST_FILE = YES;
				INFOPLIST_KEY_UIApplicationSceneManifest_Generation = YES;
				INFOPLIST_KEY_UIApplicationSupportsIndirectInputEvents = YES;
				INFOPLIST_KEY_UILaunchScreen_Generation = YES;
				INFOPLIST_KEY_UISupportedInterfaceOrientations_iPad = "UIInterfaceOrientationPortrait UIInterfaceOrientationPortraitUpsideDown UIInterfaceOrientationLandscapeLeft UIInterfaceOrientationLandscapeRight";
				INFOPLIST_KEY_UISupportedInterfaceOrientations_iPhone = "UIInterfaceOrientationPortrait UIInterfaceOrientationLandscapeLeft UIInterfaceOrientationLandscapeRight";
				LD_RUNPATH_SEARCH_PATHS = (
					"$(inherited)",
					"@executable_path/Frameworks",
				);
				MARKETING_VERSION = 1.0;
				PRODUCT_BUNDLE_IDENTIFIER = com.portonics.CombieSwiftUI;
				PRODUCT_NAME = "$(TARGET_NAME)";
				SWIFT_EMIT_LOC_STRINGS = YES;
				SWIFT_VERSION = 5.0;
				TARGETED_DEVICE_FAMILY = "1,2";
			};
			name = Debug;
		};
		1D3692B4283A157300B4494D /* Release */ = {
			isa = XCBuildConfiguration;
			buildSettings = {
				ASSETCATALOG_COMPILER_APPICON_NAME = AppIcon;
				ASSETCATALOG_COMPILER_GLOBAL_ACCENT_COLOR_NAME = AccentColor;
				CODE_SIGN_STYLE = Automatic;
				CURRENT_PROJECT_VERSION = 1;
				DEVELOPMENT_ASSET_PATHS = "\"CombieSwiftUI/Preview Content\"";
				DEVELOPMENT_TEAM = 6P26T9HRBD;
				ENABLE_PREVIEWS = YES;
				GENERATE_INFOPLIST_FILE = YES;
				INFOPLIST_KEY_UIApplicationSceneManifest_Generation = YES;
				INFOPLIST_KEY_UIApplicationSupportsIndirectInputEvents = YES;
				INFOPLIST_KEY_UILaunchScreen_Generation = YES;
				INFOPLIST_KEY_UISupportedInterfaceOrientations_iPad = "UIInterfaceOrientationPortrait UIInterfaceOrientationPortraitUpsideDown UIInterfaceOrientationLandscapeLeft UIInterfaceOrientationLandscapeRight";
				INFOPLIST_KEY_UISupportedInterfaceOrientations_iPhone = "UIInterfaceOrientationPortrait UIInterfaceOrientationLandscapeLeft UIInterfaceOrientationLandscapeRight";
				LD_RUNPATH_SEARCH_PATHS = (
					"$(inherited)",
					"@executable_path/Frameworks",
				);
				MARKETING_VERSION = 1.0;
				PRODUCT_BUNDLE_IDENTIFIER = com.portonics.CombieSwiftUI;
				PRODUCT_NAME = "$(TARGET_NAME)";
				SWIFT_EMIT_LOC_STRINGS = YES;
				SWIFT_VERSION = 5.0;
				TARGETED_DEVICE_FAMILY = "1,2";
			};
			name = Release;
		};
/* End XCBuildConfiguration section */

/* Begin XCConfigurationList section */
		1D36929F283A157000B4494D /* Build configuration list for PBXProject "CombieSwiftUI" */ = {
			isa = XCConfigurationList;
			buildConfigurations = (
				1D3692B0283A157300B4494D /* Debug */,
				1D3692B1283A157300B4494D /* Release */,
			);
			defaultConfigurationIsVisible = 0;
			defaultConfigurationName = Release;
		};
		1D3692B2283A157300B4494D /* Build configuration list for PBXNativeTarget "CombieSwiftUI" */ = {
			isa = XCConfigurationList;
			buildConfigurations = (
				1D3692B3283A157300B4494D /* Debug */,
				1D3692B4283A157300B4494D /* Release */,
			);
			defaultConfigurationIsVisible = 0;
			defaultConfigurationName = Release;
		};
/* End XCConfigurationList section */
	};
	rootObject = 1D36929C283A157000B4494D /* Project object */;
}
